
Microsoft Visual Studio Solution File, Format Version 12.00
# Visual Studio Version 16
VisualStudioVersion = 16.0.31702.278
MinimumVisualStudioVersion = 10.0.40219.1
Project("{FAE04EC0-301F-11D3-BF4B-00C04F79EFBC}") = "MiniVille", "MiniVille\MiniVille.csproj", "{96BABEBB-C31D-4D27-A440-680B906588E9}"
EndProject
Global
	GlobalSection(SolutionConfigurationPlatforms) = preSolution
		Debug|Any CPU = Debug|Any CPU
		Release|Any CPU = Release|Any CPU
	EndGlobalSection
	GlobalSection(ProjectConfigurationPlatforms) = postSolution
		{96BABEBB-C31D-4D27-A440-680B906588E9}.Debug|Any CPU.ActiveCfg = Debug|Any CPU
		{96BABEBB-C31D-4D27-A440-680B906588E9}.Debug|Any CPU.Build.0 = Debug|Any CPU
		{96BABEBB-C31D-4D27-A440-680B906588E9}.Release|Any CPU.ActiveCfg = Release|Any CPU
		{96BABEBB-C31D-4D27-A440-680B906588E9}.Release|Any CPU.Build.0 = Release|Any CPU
	EndGlobalSection
	GlobalSection(SolutionProperties) = preSolution
		HideSolutionNode = FALSE
	EndGlobalSection
	GlobalSection(ExtensibilityGlobals) = postSolution
		SolutionGuid = {57BE379B-8F0F-4BA6-9C98-C1A74ADF293E}
	EndGlobalSection
EndGlobal
